
Microsoft Visual Studio Solution File, Format Version 12.00
# Visual Studio 14
VisualStudioVersion = 14.0.25420.1
MinimumVisualStudioVersion = 10.0.40219.1
Project("{FAE04EC0-301F-11D3-BF4B-00C04F79EFBC}") = "KeySceneDataset", "KeySceneDataset\KeySceneDataset.csproj", "{6769F1B4-DD11-43C5-825B-9A529351C642}"
EndProject
Project("{FAE04EC0-301F-11D3-BF4B-00C04F79EFBC}") = "DatasetEvaluator", "DatasetEvaluator\DatasetEvaluator.csproj", "{26117B04-38FE-4AC8-9D79-E78310CC99B8}"
EndProject
Global
	GlobalSection(SolutionConfigurationPlatforms) = preSolution
		Debug|Any CPU = Debug|Any CPU
		Debug|x64 = Debug|x64
		Release|Any CPU = Release|Any CPU
		Release|x64 = Release|x64
	EndGlobalSection
	GlobalSection(ProjectConfigurationPlatforms) = postSolution
		{6769F1B4-DD11-43C5-825B-9A529351C642}.Debug|Any CPU.ActiveCfg = Debug|Any CPU
		{6769F1B4-DD11-43C5-825B-9A529351C642}.Debug|Any CPU.Build.0 = Debug|Any CPU
		{6769F1B4-DD11-43C5-825B-9A529351C642}.Debug|x64.ActiveCfg = Debug|x64
		{6769F1B4-DD11-43C5-825B-9A529351C642}.Debug|x64.Build.0 = Debug|x64
		{6769F1B4-DD11-43C5-825B-9A529351C642}.Release|Any CPU.ActiveCfg = Release|Any CPU
		{6769F1B4-DD11-43C5-825B-9A529351C642}.Release|Any CPU.Build.0 = Release|Any CPU
		{6769F1B4-DD11-43C5-825B-9A529351C642}.Release|x64.ActiveCfg = Release|x64
		{6769F1B4-DD11-43C5-825B-9A529351C642}.Release|x64.Build.0 = Release|x64
		{26117B04-38FE-4AC8-9D79-E78310CC99B8}.Debug|Any CPU.ActiveCfg = Debug|Any CPU
		{26117B04-38FE-4AC8-9D79-E78310CC99B8}.Debug|Any CPU.Build.0 = Debug|Any CPU
		{26117B04-38FE-4AC8-9D79-E78310CC99B8}.Debug|x64.ActiveCfg = Debug|x64
		{26117B04-38FE-4AC8-9D79-E78310CC99B8}.Debug|x64.Build.0 = Debug|x64
		{26117B04-38FE-4AC8-9D79-E78310CC99B8}.Release|Any CPU.ActiveCfg = Release|Any CPU
		{26117B04-38FE-4AC8-9D79-E78310CC99B8}.Release|Any CPU.Build.0 = Release|Any CPU
		{26117B04-38FE-4AC8-9D79-E78310CC99B8}.Release|x64.ActiveCfg = Release|x64
		{26117B04-38FE-4AC8-9D79-E78310CC99B8}.Release|x64.Build.0 = Release|x64
	EndGlobalSection
	GlobalSection(SolutionProperties) = preSolution
		HideSolutionNode = FALSE
	EndGlobalSection
EndGlobal
